
Microsoft Visual Studio Solution File, Format Version 12.00
# Visual Studio 15
VisualStudioVersion = 15.0.26403.7
MinimumVisualStudioVersion = 10.0.40219.1
Project("{2150E333-8FDC-42A3-9474-1A3956D46DE8}") = ".paket", ".paket", "{F03C0DDE-43B2-477C-8D33-CC03E14830C9}"
	ProjectSection(SolutionItems) = preProject
		paket.dependencies = paket.dependencies
		.paket\Paket.Readme.md = .paket\Paket.Readme.md
	EndProjectSection
EndProject
Project("{FAE04EC0-301F-11D3-BF4B-00C04F79EFBC}") = "Shazzam", "Shazzam\Shazzam.csproj", "{EB76EF00-42DE-4715-9675-CFBB2C073F8F}"
EndProject
Project("{FAE04EC0-301F-11D3-BF4B-00C04F79EFBC}") = "KaxamlPlugins", "KaxamlPlugins\KaxamlPlugins.csproj", "{F6B1B201-8293-4729-842C-0BB54F89FFA7}"
EndProject
Project("{FAE04EC0-301F-11D3-BF4B-00C04F79EFBC}") = "ShazzamUnitTests", "ShazzamUnitTests\ShazzamUnitTests.csproj", "{52233C5C-BEC9-4B5D-A1F7-8C9300E955B2}"
EndProject
Global
	GlobalSection(SolutionConfigurationPlatforms) = preSolution
		Debug|Any CPU = Debug|Any CPU
		Release|Any CPU = Release|Any CPU
	EndGlobalSection
	GlobalSection(ProjectConfigurationPlatforms) = postSolution
		{EB76EF00-42DE-4715-9675-CFBB2C073F8F}.Debug|Any CPU.ActiveCfg = Debug|Any CPU
		{EB76EF00-42DE-4715-9675-CFBB2C073F8F}.Debug|Any CPU.Build.0 = Debug|Any CPU
		{EB76EF00-42DE-4715-9675-CFBB2C073F8F}.Release|Any CPU.ActiveCfg = Release|Any CPU
		{EB76EF00-42DE-4715-9675-CFBB2C073F8F}.Release|Any CPU.Build.0 = Release|Any CPU
		{F6B1B201-8293-4729-842C-0BB54F89FFA7}.Debug|Any CPU.ActiveCfg = Debug|Any CPU
		{F6B1B201-8293-4729-842C-0BB54F89FFA7}.Debug|Any CPU.Build.0 = Debug|Any CPU
		{F6B1B201-8293-4729-842C-0BB54F89FFA7}.Release|Any CPU.ActiveCfg = Release|Any CPU
		{F6B1B201-8293-4729-842C-0BB54F89FFA7}.Release|Any CPU.Build.0 = Release|Any CPU
		{52233C5C-BEC9-4B5D-A1F7-8C9300E955B2}.Debug|Any CPU.ActiveCfg = Debug|Any CPU
		{52233C5C-BEC9-4B5D-A1F7-8C9300E955B2}.Debug|Any CPU.Build.0 = Debug|Any CPU
		{52233C5C-BEC9-4B5D-A1F7-8C9300E955B2}.Release|Any CPU.ActiveCfg = Release|Any CPU
		{52233C5C-BEC9-4B5D-A1F7-8C9300E955B2}.Release|Any CPU.Build.0 = Release|Any CPU
	EndGlobalSection
	GlobalSection(SolutionProperties) = preSolution
		HideSolutionNode = FALSE
	EndGlobalSection
	GlobalSection(TestCaseManagementSettings) = postSolution
		CategoryFile = Shazzam.vsmdi
	EndGlobalSection
EndGlobal
